
Microsoft Visual Studio Solution File, Format Version 12.00
# Visual Studio 2013
VisualStudioVersion = 12.0.30501.0
MinimumVisualStudioVersion = 10.0.40219.1
Project("{FAE04EC0-301F-11D3-BF4B-00C04F79EFBC}") = "TraitifyConsoleApp", "TraitifyConsoleApp\TraitifyConsoleApp.csproj", "{3128E2F0-B4F9-48AD-8D34-0187DBCAF5DE}"
EndProject
Project("{FAE04EC0-301F-11D3-BF4B-00C04F79EFBC}") = "TraitifyLibrary", "TraitifyLibrary\TraitifyLibrary.csproj", "{07177BF0-6217-4D4A-9DCD-FAF62DEA6679}"
EndProject
Project("{FAE04EC0-301F-11D3-BF4B-00C04F79EFBC}") = "TraitifyUnitTests", "TraitifyUnitTests\TraitifyUnitTests.csproj", "{C940B6CE-AF41-4CD2-8AB5-DB0053AD96CC}"
EndProject
Global
	GlobalSection(SolutionConfigurationPlatforms) = preSolution
		Debug|Any CPU = Debug|Any CPU
		Release|Any CPU = Release|Any CPU
	EndGlobalSection
	GlobalSection(ProjectConfigurationPlatforms) = postSolution
		{3128E2F0-B4F9-48AD-8D34-0187DBCAF5DE}.Debug|Any CPU.ActiveCfg = Debug|Any CPU
		{3128E2F0-B4F9-48AD-8D34-0187DBCAF5DE}.Debug|Any CPU.Build.0 = Debug|Any CPU
		{3128E2F0-B4F9-48AD-8D34-0187DBCAF5DE}.Release|Any CPU.ActiveCfg = Release|Any CPU
		{3128E2F0-B4F9-48AD-8D34-0187DBCAF5DE}.Release|Any CPU.Build.0 = Release|Any CPU
		{07177BF0-6217-4D4A-9DCD-FAF62DEA6679}.Debug|Any CPU.ActiveCfg = Debug|Any CPU
		{07177BF0-6217-4D4A-9DCD-FAF62DEA6679}.Debug|Any CPU.Build.0 = Debug|Any CPU
		{07177BF0-6217-4D4A-9DCD-FAF62DEA6679}.Release|Any CPU.ActiveCfg = Release|Any CPU
		{07177BF0-6217-4D4A-9DCD-FAF62DEA6679}.Release|Any CPU.Build.0 = Release|Any CPU
		{C940B6CE-AF41-4CD2-8AB5-DB0053AD96CC}.Debug|Any CPU.ActiveCfg = Debug|Any CPU
		{C940B6CE-AF41-4CD2-8AB5-DB0053AD96CC}.Debug|Any CPU.Build.0 = Debug|Any CPU
		{C940B6CE-AF41-4CD2-8AB5-DB0053AD96CC}.Release|Any CPU.ActiveCfg = Release|Any CPU
		{C940B6CE-AF41-4CD2-8AB5-DB0053AD96CC}.Release|Any CPU.Build.0 = Release|Any CPU
	EndGlobalSection
	GlobalSection(SolutionProperties) = preSolution
		HideSolutionNode = FALSE
	EndGlobalSection
EndGlobal
